
Microsoft Visual Studio Solution File, Format Version 12.00
# Visual Studio 15
VisualStudioVersion = 15.0.28307.329
MinimumVisualStudioVersion = 10.0.40219.1
Project("{FAE04EC0-301F-11D3-BF4B-00C04F79EFBC}") = "WorkLibrary", "WorkLibrary\WorkLibrary.csproj", "{EE3550D4-0CE4-4F93-ABF6-4792E058C786}"
EndProject
Global
	GlobalSection(SolutionConfigurationPlatforms) = preSolution
		Debug|Any CPU = Debug|Any CPU
		Release|Any CPU = Release|Any CPU
	EndGlobalSection
	GlobalSection(ProjectConfigurationPlatforms) = postSolution
		{EE3550D4-0CE4-4F93-ABF6-4792E058C786}.Debug|Any CPU.ActiveCfg = Debug|Any CPU
		{EE3550D4-0CE4-4F93-ABF6-4792E058C786}.Debug|Any CPU.Build.0 = Debug|Any CPU
		{EE3550D4-0CE4-4F93-ABF6-4792E058C786}.Release|Any CPU.ActiveCfg = Release|Any CPU
		{EE3550D4-0CE4-4F93-ABF6-4792E058C786}.Release|Any CPU.Build.0 = Release|Any CPU
	EndGlobalSection
	GlobalSection(SolutionProperties) = preSolution
		HideSolutionNode = FALSE
	EndGlobalSection
	GlobalSection(ExtensibilityGlobals) = postSolution
		SolutionGuid = {295238E5-4238-47F7-B986-E7F0959C1615}
	EndGlobalSection
EndGlobal
