
Microsoft Visual Studio Solution File, Format Version 12.00
# Visual Studio 15
VisualStudioVersion = 15.0.28307.329
MinimumVisualStudioVersion = 10.0.40219.1
Project("{FAE04EC0-301F-11D3-BF4B-00C04F79EFBC}") = "secondLab1", "secondLab1\secondLab1.csproj", "{B5D51101-38F6-4235-B147-7E62AB0E9F9C}"
EndProject
Global
	GlobalSection(SolutionConfigurationPlatforms) = preSolution
		Debug|Any CPU = Debug|Any CPU
		Release|Any CPU = Release|Any CPU
	EndGlobalSection
	GlobalSection(ProjectConfigurationPlatforms) = postSolution
		{B5D51101-38F6-4235-B147-7E62AB0E9F9C}.Debug|Any CPU.ActiveCfg = Debug|Any CPU
		{B5D51101-38F6-4235-B147-7E62AB0E9F9C}.Debug|Any CPU.Build.0 = Debug|Any CPU
		{B5D51101-38F6-4235-B147-7E62AB0E9F9C}.Release|Any CPU.ActiveCfg = Release|Any CPU
		{B5D51101-38F6-4235-B147-7E62AB0E9F9C}.Release|Any CPU.Build.0 = Release|Any CPU
	EndGlobalSection
	GlobalSection(SolutionProperties) = preSolution
		HideSolutionNode = FALSE
	EndGlobalSection
	GlobalSection(ExtensibilityGlobals) = postSolution
		SolutionGuid = {BCDC732F-C38F-4A7F-B849-4DA705D44FB2}
	EndGlobalSection
EndGlobal
